
Microsoft Visual Studio Solution File, Format Version 12.00
# Visual Studio Version 17
VisualStudioVersion = 17.14.36301.6
MinimumVisualStudioVersion = 10.0.40219.1
Project("{2150E333-8FDC-42A3-9474-1A3956D46DE8}") = "API", "API", "{02EA681E-C7D8-13C7-8484-4AC65E1B71E8}"
EndProject
Project("{2150E333-8FDC-42A3-9474-1A3956D46DE8}") = "Application", "Application", "{E72B4AD0-58FD-43A2-BF14-D7E7EAE0A5B8}"
EndProject
Project("{2150E333-8FDC-42A3-9474-1A3956D46DE8}") = "Domain", "Domain", "{F1C069BC-6A39-409C-8E27-635A79E93763}"
EndProject
Project("{2150E333-8FDC-42A3-9474-1A3956D46DE8}") = "Tests", "Tests", "{EF2DDD8F-3366-48F1-AF26-4B558EDCBB70}"
EndProject
Project("{FAE04EC0-301F-11D3-BF4B-00C04F79EFBC}") = "Cdb.Tests", "CdbBack\Cdb.Tests\Cdb.Tests.csproj", "{12B46396-DE13-787E-B435-312546637B0B}"
EndProject
Project("{FAE04EC0-301F-11D3-BF4B-00C04F79EFBC}") = "Cdb.API", "CdbBack\Cdb.API\Cdb.API.csproj", "{A4A12318-8EE7-EDF3-7A2E-DB90EAB6C5C0}"
EndProject
Project("{FAE04EC0-301F-11D3-BF4B-00C04F79EFBC}") = "Cdb.App", "CdbBack\Cdb.App\Cdb.App.csproj", "{3EC6799E-02F0-5F97-8759-21AB4F1BD07F}"
EndProject
Project("{FAE04EC0-301F-11D3-BF4B-00C04F79EFBC}") = "Cdb.Domain", "CdbBack\Cdb.Domain\Cdb.Domain.csproj", "{54C77EC9-4D57-2BE2-9E19-D47F5DB7E25B}"
EndProject
Global
	GlobalSection(SolutionConfigurationPlatforms) = preSolution
		Debug|Any CPU = Debug|Any CPU
		Release|Any CPU = Release|Any CPU
	EndGlobalSection
	GlobalSection(ProjectConfigurationPlatforms) = postSolution
		{12B46396-DE13-787E-B435-312546637B0B}.Debug|Any CPU.ActiveCfg = Debug|Any CPU
		{12B46396-DE13-787E-B435-312546637B0B}.Debug|Any CPU.Build.0 = Debug|Any CPU
		{12B46396-DE13-787E-B435-312546637B0B}.Release|Any CPU.ActiveCfg = Release|Any CPU
		{12B46396-DE13-787E-B435-312546637B0B}.Release|Any CPU.Build.0 = Release|Any CPU
		{A4A12318-8EE7-EDF3-7A2E-DB90EAB6C5C0}.Debug|Any CPU.ActiveCfg = Debug|Any CPU
		{A4A12318-8EE7-EDF3-7A2E-DB90EAB6C5C0}.Debug|Any CPU.Build.0 = Debug|Any CPU
		{A4A12318-8EE7-EDF3-7A2E-DB90EAB6C5C0}.Release|Any CPU.ActiveCfg = Release|Any CPU
		{A4A12318-8EE7-EDF3-7A2E-DB90EAB6C5C0}.Release|Any CPU.Build.0 = Release|Any CPU
		{3EC6799E-02F0-5F97-8759-21AB4F1BD07F}.Debug|Any CPU.ActiveCfg = Debug|Any CPU
		{3EC6799E-02F0-5F97-8759-21AB4F1BD07F}.Debug|Any CPU.Build.0 = Debug|Any CPU
		{3EC6799E-02F0-5F97-8759-21AB4F1BD07F}.Release|Any CPU.ActiveCfg = Release|Any CPU
		{3EC6799E-02F0-5F97-8759-21AB4F1BD07F}.Release|Any CPU.Build.0 = Release|Any CPU
		{54C77EC9-4D57-2BE2-9E19-D47F5DB7E25B}.Debug|Any CPU.ActiveCfg = Debug|Any CPU
		{54C77EC9-4D57-2BE2-9E19-D47F5DB7E25B}.Debug|Any CPU.Build.0 = Debug|Any CPU
		{54C77EC9-4D57-2BE2-9E19-D47F5DB7E25B}.Release|Any CPU.ActiveCfg = Release|Any CPU
		{54C77EC9-4D57-2BE2-9E19-D47F5DB7E25B}.Release|Any CPU.Build.0 = Release|Any CPU
	EndGlobalSection
	GlobalSection(SolutionProperties) = preSolution
		HideSolutionNode = FALSE
	EndGlobalSection
	GlobalSection(NestedProjects) = preSolution
		{12B46396-DE13-787E-B435-312546637B0B} = {EF2DDD8F-3366-48F1-AF26-4B558EDCBB70}
		{A4A12318-8EE7-EDF3-7A2E-DB90EAB6C5C0} = {02EA681E-C7D8-13C7-8484-4AC65E1B71E8}
		{3EC6799E-02F0-5F97-8759-21AB4F1BD07F} = {E72B4AD0-58FD-43A2-BF14-D7E7EAE0A5B8}
		{54C77EC9-4D57-2BE2-9E19-D47F5DB7E25B} = {F1C069BC-6A39-409C-8E27-635A79E93763}
	EndGlobalSection
	GlobalSection(ExtensibilityGlobals) = postSolution
		SolutionGuid = {C3B48EE8-9BBC-496B-B039-CB46D264CC7C}
	EndGlobalSection
EndGlobal
