
Microsoft Visual Studio Solution File, Format Version 12.00
# Visual Studio Version 17
VisualStudioVersion = 17.14.36301.6
MinimumVisualStudioVersion = 10.0.40219.1
Project("{2150E333-8FDC-42A3-9474-1A3956D46DE8}") = "API", "API", "{02EA681E-C7D8-13C7-8484-4AC65E1B71E8}"
EndProject
Project("{2150E333-8FDC-42A3-9474-1A3956D46DE8}") = "Application", "Application", "{E72B4AD0-58FD-43A2-BF14-D7E7EAE0A5B8}"
EndProject
Project("{2150E333-8FDC-42A3-9474-1A3956D46DE8}") = "Domain", "Domain", "{F1C069BC-6A39-409C-8E27-635A79E93763}"
EndProject
Project("{2150E333-8FDC-42A3-9474-1A3956D46DE8}") = "Tests", "Tests", "{EF2DDD8F-3366-48F1-AF26-4B558EDCBB70}"
EndProject
Project("{FAE04EC0-301F-11D3-BF4B-00C04F79EFBC}") = "Cdb.Tests", "CdbBack\Cdb.Tests\Cdb.Tests.csproj", "{12B46396-DE13-787E-B435-312546637B0B}"
EndProject
Project("{FAE04EC0-301F-11D3-BF4B-00C04F79EFBC}") = "Cdb.API", "CdbBack\Cdb.API\Cdb.API.csproj", "{A4A12318-8EE7-EDF3-7A2E-DB90EAB6C5C0}"
EndProject
Project("{FAE04EC0-301F-11D3-BF4B-00C04F79EFBC}") = "Cdb.App", "CdbBack\Cdb.App\Cdb.App.csproj", "{3EC6799E-02F0-5F97-8759-21AB4F1BD07F}"
EndProject
Project("{FAE04EC0-301F-11D3-BF4B-00C04F79EFBC}") = "Cdb.Domain", "CdbBack\Cdb.Domain\Cdb.Domain.csproj", "{54C77EC9-4D57-2BE2-9E19-D47F5DB7E25B}"
EndProject
Project("{2150E333-8FDC-42A3-9474-1A3956D46DE8}") = "Backend", "Backend", "{89B29D1C-1D3B-4531-B8A9-22A744189359}"
EndProject
Project("{2150E333-8FDC-42A3-9474-1A3956D46DE8}") = "Frontend", "Frontend", "{55EABF53-DEA8-4FA4-B37B-B53D6FDE12E2}"
EndProject
Project("{E24C65DC-7377-472B-9ABA-BC803B73C61A}") = "CdbFront", "CdbFront\", "{E8A1B017-EC19-7CE5-1C80-05EB6D0A4CC6}"
	ProjectSection(WebsiteProperties) = preProject
		TargetFrameworkMoniker = ".NETFramework,Version%3Dv4.8.1"
		Debug.AspNetCompiler.VirtualPath = "/localhost_58189"
		Debug.AspNetCompiler.PhysicalPath = "CdbFront\"
		Debug.AspNetCompiler.TargetPath = "PrecompiledWeb\localhost_58189\"
		Debug.AspNetCompiler.Updateable = "true"
		Debug.AspNetCompiler.ForceOverwrite = "true"
		Debug.AspNetCompiler.FixedNames = "false"
		Debug.AspNetCompiler.Debug = "True"
		Release.AspNetCompiler.VirtualPath = "/localhost_58189"
		Release.AspNetCompiler.PhysicalPath = "CdbFront\"
		Release.AspNetCompiler.TargetPath = "PrecompiledWeb\localhost_58189\"
		Release.AspNetCompiler.Updateable = "true"
		Release.AspNetCompiler.ForceOverwrite = "true"
		Release.AspNetCompiler.FixedNames = "false"
		Release.AspNetCompiler.Debug = "False"
		VWDPort = "58189"
		SlnRelativePath = "CdbFront\"
	EndProjectSection
EndProject
Global
	GlobalSection(SolutionConfigurationPlatforms) = preSolution
		Debug|Any CPU = Debug|Any CPU
		Release|Any CPU = Release|Any CPU
	EndGlobalSection
	GlobalSection(ProjectConfigurationPlatforms) = postSolution
		{12B46396-DE13-787E-B435-312546637B0B}.Debug|Any CPU.ActiveCfg = Debug|Any CPU
		{12B46396-DE13-787E-B435-312546637B0B}.Debug|Any CPU.Build.0 = Debug|Any CPU
		{12B46396-DE13-787E-B435-312546637B0B}.Release|Any CPU.ActiveCfg = Release|Any CPU
		{12B46396-DE13-787E-B435-312546637B0B}.Release|Any CPU.Build.0 = Release|Any CPU
		{A4A12318-8EE7-EDF3-7A2E-DB90EAB6C5C0}.Debug|Any CPU.ActiveCfg = Debug|Any CPU
		{A4A12318-8EE7-EDF3-7A2E-DB90EAB6C5C0}.Debug|Any CPU.Build.0 = Debug|Any CPU
		{A4A12318-8EE7-EDF3-7A2E-DB90EAB6C5C0}.Release|Any CPU.ActiveCfg = Release|Any CPU
		{A4A12318-8EE7-EDF3-7A2E-DB90EAB6C5C0}.Release|Any CPU.Build.0 = Release|Any CPU
		{3EC6799E-02F0-5F97-8759-21AB4F1BD07F}.Debug|Any CPU.ActiveCfg = Debug|Any CPU
		{3EC6799E-02F0-5F97-8759-21AB4F1BD07F}.Debug|Any CPU.Build.0 = Debug|Any CPU
		{3EC6799E-02F0-5F97-8759-21AB4F1BD07F}.Release|Any CPU.ActiveCfg = Release|Any CPU
		{3EC6799E-02F0-5F97-8759-21AB4F1BD07F}.Release|Any CPU.Build.0 = Release|Any CPU
		{54C77EC9-4D57-2BE2-9E19-D47F5DB7E25B}.Debug|Any CPU.ActiveCfg = Debug|Any CPU
		{54C77EC9-4D57-2BE2-9E19-D47F5DB7E25B}.Debug|Any CPU.Build.0 = Debug|Any CPU
		{54C77EC9-4D57-2BE2-9E19-D47F5DB7E25B}.Release|Any CPU.ActiveCfg = Release|Any CPU
		{54C77EC9-4D57-2BE2-9E19-D47F5DB7E25B}.Release|Any CPU.Build.0 = Release|Any CPU
		{E8A1B017-EC19-7CE5-1C80-05EB6D0A4CC6}.Debug|Any CPU.ActiveCfg = Debug|Any CPU
		{E8A1B017-EC19-7CE5-1C80-05EB6D0A4CC6}.Debug|Any CPU.Build.0 = Debug|Any CPU
		{E8A1B017-EC19-7CE5-1C80-05EB6D0A4CC6}.Release|Any CPU.ActiveCfg = Debug|Any CPU
		{E8A1B017-EC19-7CE5-1C80-05EB6D0A4CC6}.Release|Any CPU.Build.0 = Debug|Any CPU
	EndGlobalSection
	GlobalSection(SolutionProperties) = preSolution
		HideSolutionNode = FALSE
	EndGlobalSection
	GlobalSection(NestedProjects) = preSolution
		{02EA681E-C7D8-13C7-8484-4AC65E1B71E8} = {89B29D1C-1D3B-4531-B8A9-22A744189359}
		{E72B4AD0-58FD-43A2-BF14-D7E7EAE0A5B8} = {89B29D1C-1D3B-4531-B8A9-22A744189359}
		{F1C069BC-6A39-409C-8E27-635A79E93763} = {89B29D1C-1D3B-4531-B8A9-22A744189359}
		{EF2DDD8F-3366-48F1-AF26-4B558EDCBB70} = {89B29D1C-1D3B-4531-B8A9-22A744189359}
		{12B46396-DE13-787E-B435-312546637B0B} = {EF2DDD8F-3366-48F1-AF26-4B558EDCBB70}
		{A4A12318-8EE7-EDF3-7A2E-DB90EAB6C5C0} = {02EA681E-C7D8-13C7-8484-4AC65E1B71E8}
		{3EC6799E-02F0-5F97-8759-21AB4F1BD07F} = {E72B4AD0-58FD-43A2-BF14-D7E7EAE0A5B8}
		{54C77EC9-4D57-2BE2-9E19-D47F5DB7E25B} = {F1C069BC-6A39-409C-8E27-635A79E93763}
		{E8A1B017-EC19-7CE5-1C80-05EB6D0A4CC6} = {55EABF53-DEA8-4FA4-B37B-B53D6FDE12E2}
	EndGlobalSection
	GlobalSection(ExtensibilityGlobals) = postSolution
		SolutionGuid = {C3B48EE8-9BBC-496B-B039-CB46D264CC7C}
	EndGlobalSection
EndGlobal
