
Microsoft Visual Studio Solution File, Format Version 12.00
# Visual Studio Version 17
VisualStudioVersion = 17.14.36301.6
MinimumVisualStudioVersion = 10.0.40219.1
Project("{FAE04EC0-301F-11D3-BF4B-00C04F79EFBC}") = "Cdb.API", "Cdb.API.csproj", "{89325A76-E9ED-4285-BA0A-185A4E0F9FE6}"
EndProject
Project("{FAE04EC0-301F-11D3-BF4B-00C04F79EFBC}") = "Cdb.App", "..\Cdb.App\Cdb.App.csproj", "{5E3D2073-3968-45A1-A1CA-3098FB27BB1F}"
EndProject
Project("{FAE04EC0-301F-11D3-BF4B-00C04F79EFBC}") = "Cdb.Domain", "..\Cdb.Domain\Cdb.Domain.csproj", "{14453B83-E4AE-4F26-B6AF-9A59A4414BB9}"
EndProject
Project("{2150E333-8FDC-42A3-9474-1A3956D46DE8}") = "API", "API", "{02EA681E-C7D8-13C7-8484-4AC65E1B71E8}"
EndProject
Project("{2150E333-8FDC-42A3-9474-1A3956D46DE8}") = "Application", "Application", "{E72B4AD0-58FD-43A2-BF14-D7E7EAE0A5B8}"
EndProject
Project("{2150E333-8FDC-42A3-9474-1A3956D46DE8}") = "Domain", "Domain", "{F1C069BC-6A39-409C-8E27-635A79E93763}"
EndProject
Project("{2150E333-8FDC-42A3-9474-1A3956D46DE8}") = "Tests", "Tests", "{61BDE7CE-6247-4DD3-96B2-8960BA5E274F}"
EndProject
Project("{FAE04EC0-301F-11D3-BF4B-00C04F79EFBC}") = "Cdb.Tests", "..\Cdb.Tests\Cdb.Tests.csproj", "{FD1BD401-0F6A-4478-B9C6-60EBBF697DEA}"
EndProject
Global
	GlobalSection(SolutionConfigurationPlatforms) = preSolution
		Debug|Any CPU = Debug|Any CPU
		Release|Any CPU = Release|Any CPU
	EndGlobalSection
	GlobalSection(ProjectConfigurationPlatforms) = postSolution
		{89325A76-E9ED-4285-BA0A-185A4E0F9FE6}.Debug|Any CPU.ActiveCfg = Debug|Any CPU
		{89325A76-E9ED-4285-BA0A-185A4E0F9FE6}.Debug|Any CPU.Build.0 = Debug|Any CPU
		{89325A76-E9ED-4285-BA0A-185A4E0F9FE6}.Release|Any CPU.ActiveCfg = Release|Any CPU
		{89325A76-E9ED-4285-BA0A-185A4E0F9FE6}.Release|Any CPU.Build.0 = Release|Any CPU
		{5E3D2073-3968-45A1-A1CA-3098FB27BB1F}.Debug|Any CPU.ActiveCfg = Debug|Any CPU
		{5E3D2073-3968-45A1-A1CA-3098FB27BB1F}.Debug|Any CPU.Build.0 = Debug|Any CPU
		{5E3D2073-3968-45A1-A1CA-3098FB27BB1F}.Release|Any CPU.ActiveCfg = Release|Any CPU
		{5E3D2073-3968-45A1-A1CA-3098FB27BB1F}.Release|Any CPU.Build.0 = Release|Any CPU
		{14453B83-E4AE-4F26-B6AF-9A59A4414BB9}.Debug|Any CPU.ActiveCfg = Debug|Any CPU
		{14453B83-E4AE-4F26-B6AF-9A59A4414BB9}.Debug|Any CPU.Build.0 = Debug|Any CPU
		{14453B83-E4AE-4F26-B6AF-9A59A4414BB9}.Release|Any CPU.ActiveCfg = Release|Any CPU
		{14453B83-E4AE-4F26-B6AF-9A59A4414BB9}.Release|Any CPU.Build.0 = Release|Any CPU
		{FD1BD401-0F6A-4478-B9C6-60EBBF697DEA}.Debug|Any CPU.ActiveCfg = Debug|Any CPU
		{FD1BD401-0F6A-4478-B9C6-60EBBF697DEA}.Debug|Any CPU.Build.0 = Debug|Any CPU
		{FD1BD401-0F6A-4478-B9C6-60EBBF697DEA}.Release|Any CPU.ActiveCfg = Release|Any CPU
		{FD1BD401-0F6A-4478-B9C6-60EBBF697DEA}.Release|Any CPU.Build.0 = Release|Any CPU
	EndGlobalSection
	GlobalSection(SolutionProperties) = preSolution
		HideSolutionNode = FALSE
	EndGlobalSection
	GlobalSection(NestedProjects) = preSolution
		{89325A76-E9ED-4285-BA0A-185A4E0F9FE6} = {02EA681E-C7D8-13C7-8484-4AC65E1B71E8}
		{5E3D2073-3968-45A1-A1CA-3098FB27BB1F} = {E72B4AD0-58FD-43A2-BF14-D7E7EAE0A5B8}
		{14453B83-E4AE-4F26-B6AF-9A59A4414BB9} = {F1C069BC-6A39-409C-8E27-635A79E93763}
		{FD1BD401-0F6A-4478-B9C6-60EBBF697DEA} = {61BDE7CE-6247-4DD3-96B2-8960BA5E274F}
	EndGlobalSection
	GlobalSection(ExtensibilityGlobals) = postSolution
		SolutionGuid = {C3B48EE8-9BBC-496B-B039-CB46D264CC7C}
	EndGlobalSection
EndGlobal
